
Microsoft Visual Studio Solution File, Format Version 12.00
Project("{2150E333-8FDC-42A3-9474-1A3956D46DE8}") = "src", "src", "{01BDC765-54FA-4D00-87C1-40D08DD7A83A}"
EndProject
Project("{2150E333-8FDC-42A3-9474-1A3956D46DE8}") = "test", "test", "{44DF9718-3C75-454D-B0FC-DE1299D0BD4D}"
EndProject
Project("{FAE04EC0-301F-11D3-BF4B-00C04F79EFBC}") = "AElf.HdWallet", "src\AElf.HdWallet.csproj", "{9EEB587F-E566-4DB7-8640-D9106F55505B}"
EndProject
Project("{FAE04EC0-301F-11D3-BF4B-00C04F79EFBC}") = "AElf.HdWallet.Tests", "test\AElf.HdWallet.Tests.csproj", "{6059DE1A-6317-44B0-9748-F3F3DDD8D9E3}"
EndProject
Global
	GlobalSection(SolutionConfigurationPlatforms) = preSolution
		Debug|Any CPU = Debug|Any CPU
		Release|Any CPU = Release|Any CPU
	EndGlobalSection
	GlobalSection(NestedProjects) = preSolution
		{9EEB587F-E566-4DB7-8640-D9106F55505B} = {01BDC765-54FA-4D00-87C1-40D08DD7A83A}
		{6059DE1A-6317-44B0-9748-F3F3DDD8D9E3} = {44DF9718-3C75-454D-B0FC-DE1299D0BD4D}
	EndGlobalSection
	GlobalSection(ProjectConfigurationPlatforms) = postSolution
		{9EEB587F-E566-4DB7-8640-D9106F55505B}.Debug|Any CPU.ActiveCfg = Debug|Any CPU
		{9EEB587F-E566-4DB7-8640-D9106F55505B}.Debug|Any CPU.Build.0 = Debug|Any CPU
		{9EEB587F-E566-4DB7-8640-D9106F55505B}.Release|Any CPU.ActiveCfg = Release|Any CPU
		{9EEB587F-E566-4DB7-8640-D9106F55505B}.Release|Any CPU.Build.0 = Release|Any CPU
		{6059DE1A-6317-44B0-9748-F3F3DDD8D9E3}.Debug|Any CPU.ActiveCfg = Debug|Any CPU
		{6059DE1A-6317-44B0-9748-F3F3DDD8D9E3}.Debug|Any CPU.Build.0 = Debug|Any CPU
		{6059DE1A-6317-44B0-9748-F3F3DDD8D9E3}.Release|Any CPU.ActiveCfg = Release|Any CPU
		{6059DE1A-6317-44B0-9748-F3F3DDD8D9E3}.Release|Any CPU.Build.0 = Release|Any CPU
	EndGlobalSection
EndGlobal
